
Microsoft Visual Studio Solution File, Format Version 12.00
# Visual Studio 15
VisualStudioVersion = 15.0.26730.8
MinimumVisualStudioVersion = 10.0.40219.1
Project("{FAE04EC0-301F-11D3-BF4B-00C04F79EFBC}") = "FileManagerApp", "FileManagerApp\FileManagerApp.csproj", "{AA6C5E70-8F29-4DA1-B0D2-3E97BC4157CB}"
EndProject
Global
	GlobalSection(SolutionConfigurationPlatforms) = preSolution
		Debug|Any CPU = Debug|Any CPU
		Release|Any CPU = Release|Any CPU
	EndGlobalSection
	GlobalSection(ProjectConfigurationPlatforms) = postSolution
		{AA6C5E70-8F29-4DA1-B0D2-3E97BC4157CB}.Debug|Any CPU.ActiveCfg = Debug|Any CPU
		{AA6C5E70-8F29-4DA1-B0D2-3E97BC4157CB}.Debug|Any CPU.Build.0 = Debug|Any CPU
		{AA6C5E70-8F29-4DA1-B0D2-3E97BC4157CB}.Release|Any CPU.ActiveCfg = Release|Any CPU
		{AA6C5E70-8F29-4DA1-B0D2-3E97BC4157CB}.Release|Any CPU.Build.0 = Release|Any CPU
	EndGlobalSection
	GlobalSection(SolutionProperties) = preSolution
		HideSolutionNode = FALSE
	EndGlobalSection
	GlobalSection(ExtensibilityGlobals) = postSolution
		SolutionGuid = {0BA51664-3D38-491B-BAAA-DEB6CAA9EDC4}
	EndGlobalSection
EndGlobal
